
Microsoft Visual Studio Solution File, Format Version 12.00
# Visual Studio Version 17
VisualStudioVersion = 17.1.32421.90
MinimumVisualStudioVersion = 10.0.40219.1
Project("{9A19103F-16F7-4668-BE54-9A1E7A4F7556}") = "Lab3", "Lab2\Lab3.csproj", "{30D89B7C-8A46-4E1F-B62C-17A34367A70C}"
EndProject
Global
	GlobalSection(SolutionConfigurationPlatforms) = preSolution
		Debug|Any CPU = Debug|Any CPU
		Release|Any CPU = Release|Any CPU
	EndGlobalSection
	GlobalSection(ProjectConfigurationPlatforms) = postSolution
		{30D89B7C-8A46-4E1F-B62C-17A34367A70C}.Debug|Any CPU.ActiveCfg = Debug|Any CPU
		{30D89B7C-8A46-4E1F-B62C-17A34367A70C}.Debug|Any CPU.Build.0 = Debug|Any CPU
		{30D89B7C-8A46-4E1F-B62C-17A34367A70C}.Release|Any CPU.ActiveCfg = Release|Any CPU
		{30D89B7C-8A46-4E1F-B62C-17A34367A70C}.Release|Any CPU.Build.0 = Release|Any CPU
	EndGlobalSection
	GlobalSection(SolutionProperties) = preSolution
		HideSolutionNode = FALSE
	EndGlobalSection
	GlobalSection(ExtensibilityGlobals) = postSolution
		SolutionGuid = {5AB3BA1A-D2A2-45A8-A778-FE5D564D5CA4}
	EndGlobalSection
EndGlobal
